// !$*UTF8*$!
{
	archiveVersion = 1;
	classes = {
	};
	objectVersion = 46;
	objects = {

/* Begin PBXBuildFile section */
		08ABACA21A1E580900D70E9C /* main.m in Sources */ = {isa = PBXBuildFile; fileRef = 08ABACA11A1E580900D70E9C /* main.m */; };
		08ABACA51A1E580900D70E9C /* AppDelegate.m in Sources */ = {isa = PBXBuildFile; fileRef = 08ABACA41A1E580900D70E9C /* AppDelegate.m */; };
		08ABACA81A1E580900D70E9C /* ViewController.m in Sources */ = {isa = PBXBuildFile; fileRef = 08ABACA71A1E580900D70E9C /* ViewController.m */; };
		08ABACAB1A1E580900D70E9C /* Main.storyboard in Resources */ = {isa = PBXBuildFile; fileRef = 08ABACA91A1E580900D70E9C /* Main.storyboard */; };
		08ABACAD1A1E580900D70E9C /* Images.xcassets in Resources */ = {isa = PBXBuildFile; fileRef = 08ABACAC1A1E580900D70E9C /* Images.xcassets */; };
		08ABACB01A1E580900D70E9C /* LaunchScreen.xib in Resources */ = {isa = PBXBuildFile; fileRef = 08ABACAE1A1E580900D70E9C /* LaunchScreen.xib */; };
		08ABACBC1A1E580900D70E9C /* IphoneAppTutorialTests.m in Sources */ = {isa = PBXBuildFile; fileRef = 08ABACBB1A1E580900D70E9C /* IphoneAppTutorialTests.m */; };
/* End PBXBuildFile section */

/* Begin PBXContainerItemProxy section */
		08ABACB61A1E580900D70E9C /* PBXContainerItemProxy */ = {
			isa = PBXContainerItemProxy;
			containerPortal = 08ABAC941A1E580900D70E9C /* Project object */;
			proxyType = 1;
			remoteGlobalIDString = 08ABAC9B1A1E580900D70E9C;
			remoteInfo = IphoneAppTutorial;
		};
/* End PBXContainerItemProxy section */

/* Begin PBXFileReference section */
		08ABAC9C1A1E580900D70E9C /* IphoneAppTutorial.app */ = {isa = PBXFileReference; explicitFileType = wrapper.application; includeInIndex = 0; path = IphoneAppTutorial.app; sourceTree = BUILT_PRODUCTS_DIR; };
		08ABACA01A1E580900D70E9C /* Info.plist */ = {isa = PBXFileReference; lastKnownFileType = text.plist.xml; path = Info.plist; sourceTree = "<group>"; };
		08ABACA11A1E580900D70E9C /* main.m */ = {isa = PBXFileReference; lastKnownFileType = sourcecode.c.objc; path = main.m; sourceTree = "<group>"; };
		08ABACA31A1E580900D70E9C /* AppDelegate.h */ = {isa = PBXFileReference; lastKnownFileType = sourcecode.c.h; path = AppDelegate.h; sourceTree = "<group>"; };
		08ABACA41A1E580900D70E9C /* AppDelegate.m */ = {isa = PBXFileReference; lastKnownFileType = sourcecode.c.objc; path = AppDelegate.m; sourceTree = "<group>"; };
		08ABACA61A1E580900D70E9C /* ViewController.h */ = {isa = PBXFileReference; lastKnownFileType = sourcecode.c.h; path = ViewController.h; sourceTree = "<group>"; };
		08ABACA71A1E580900D70E9C /* ViewController.m */ = {isa = PBXFileReference; lastKnownFileType = sourcecode.c.objc; path = ViewController.m; sourceTree = "<group>"; };
		08ABACAA1A1E580900D70E9C /* Base */ = {isa = PBXFileReference; lastKnownFileType = file.storyboard; name = Base; path = Base.lproj/Main.storyboard; sourceTree = "<group>"; };
		08ABACAC1A1E580900D70E9C /* Images.xcassets */ = {isa = PBXFileReference; lastKnownFileType = folder.assetcatalog; path = Images.xcassets; sourceTree = "<group>"; };
		08ABACAF1A1E580900D70E9C /* Base */ = {isa = PBXFileReference; lastKnownFileType = file.xib; name = Base; path = Base.lproj/LaunchScreen.xib; sourceTree = "<group>"; };
		08ABACB51A1E580900D70E9C /* IphoneAppTutorialTests.xctest */ = {isa = PBXFileReference; explicitFileType = wrapper.cfbundle; includeInIndex = 0; path = IphoneAppTutorialTests.xctest; sourceTree = BUILT_PRODUCTS_DIR; };
		08ABACBA1A1E580900D70E9C /* Info.plist */ = {isa = PBXFileReference; lastKnownFileType = text.plist.xml; path = Info.plist; sourceTree = "<group>"; };
		08ABACBB1A1E580900D70E9C /* IphoneAppTutorialTests.m */ = {isa = PBXFileReference; lastKnownFileType = sourcecode.c.objc; path = IphoneAppTutorialTests.m; sourceTree = "<group>"; };
/* End PBXFileReference section */

/* Begin PBXFrameworksBuildPhase section */
		08ABAC991A1E580900D70E9C /* Frameworks */ = {
			isa = PBXFrameworksBuildPhase;
			buildActionMask = 2147483647;
			files = (
			);
			runOnlyForDeploymentPostprocessing = 0;
		};
		08ABACB21A1E580900D70E9C /* Frameworks */ = {
			isa = PBXFrameworksBuildPhase;
			buildActionMask = 2147483647;
			files = (
			);
			runOnlyForDeploymentPostprocessing = 0;
		};
/* End PBXFrameworksBuildPhase section */

/* Begin PBXGroup section */
		08ABAC931A1E580900D70E9C = {
			isa = PBXGroup;
			children = (
				08ABAC9E1A1E580900D70E9C /* IphoneAppTutorial */,
				08ABACB81A1E580900D70E9C /* IphoneAppTutorialTests */,
				08ABAC9D1A1E580900D70E9C /* Products */,
			);
			sourceTree = "<group>";
		};
		08ABAC9D1A1E580900D70E9C /* Products */ = {
			isa = PBXGroup;
			children = (
				08ABAC9C1A1E580900D70E9C /* IphoneAppTutorial.app */,
				08ABACB51A1E580900D70E9C /* IphoneAppTutorialTests.xctest */,
			);
			name = Products;
			sourceTree = "<group>";
		};
		08ABAC9E1A1E580900D70E9C /* IphoneAppTutorial */ = {
			isa = PBXGroup;
			children = (
				08ABACA31A1E580900D70E9C /* AppDelegate.h */,
				08ABACA41A1E580900D70E9C /* AppDelegate.m */,
				08ABACA61A1E580900D70E9C /* ViewController.h */,
				08ABACA71A1E580900D70E9C /* ViewController.m */,
				08ABACA91A1E580900D70E9C /* Main.storyboard */,
				08ABACAC1A1E580900D70E9C /* Images.xcassets */,
				08ABACAE1A1E580900D70E9C /* LaunchScreen.xib */,
				08ABAC9F1A1E580900D70E9C /* Supporting Files */,
			);
			path = IphoneAppTutorial;
			sourceTree = "<group>";
		};
		08ABAC9F1A1E580900D70E9C /* Supporting Files */ = {
			isa = PBXGroup;
			children = (
				08ABACA01A1E580900D70E9C /* Info.plist */,
				08ABACA11A1E580900D70E9C /* main.m */,
			);
			name = "Supporting Files";
			sourceTree = "<group>";
		};
		08ABACB81A1E580900D70E9C /* IphoneAppTutorialTests */ = {
			isa = PBXGroup;
			children = (
				08ABACBB1A1E580900D70E9C /* IphoneAppTutorialTests.m */,
				08ABACB91A1E580900D70E9C /* Supporting Files */,
			);
			path = IphoneAppTutorialTests;
			sourceTree = "<group>";
		};
		08ABACB91A1E580900D70E9C /* Supporting Files */ = {
			isa = PBXGroup;
			children = (
				08ABACBA1A1E580900D70E9C /* Info.plist */,
			);
			name = "Supporting Files";
			sourceTree = "<group>";
		};
/* End PBXGroup section */

/* Begin PBXNativeTarget section */
		08ABAC9B1A1E580900D70E9C /* IphoneAppTutorial */ = {
			isa = PBXNativeTarget;
			buildConfigurationList = 08ABACBF1A1E580900D70E9C /* Build configuration list for PBXNativeTarget "IphoneAppTutorial" */;
			buildPhases = (
				08ABAC981A1E580900D70E9C /* Sources */,
				08ABAC991A1E580900D70E9C /* Frameworks */,
				08ABAC9A1A1E580900D70E9C /* Resources */,
			);
			buildRules = (
			);
			dependencies = (
			);
			name = IphoneAppTutorial;
			productName = IphoneAppTutorial;
			productReference = 08ABAC9C1A1E580900D70E9C /* IphoneAppTutorial.app */;
			productType = "com.apple.product-type.application";
		};
		08ABACB41A1E580900D70E9C /* IphoneAppTutorialTests */ = {
			isa = PBXNativeTarget;
			buildConfigurationList = 08ABACC21A1E580900D70E9C /* Build configuration list for PBXNativeTarget "IphoneAppTutorialTests" */;
			buildPhases = (
				08ABACB11A1E580900D70E9C /* Sources */,
				08ABACB21A1E580900D70E9C /* Frameworks */,
				08ABACB31A1E580900D70E9C /* Resources */,
			);
			buildRules = (
			);
			dependencies = (
				08ABACB71A1E580900D70E9C /* PBXTargetDependency */,
			);
			name = IphoneAppTutorialTests;
			productName = IphoneAppTutorialTests;
			productReference = 08ABACB51A1E580900D70E9C /* IphoneAppTutorialTests.xctest */;
			productType = "com.apple.product-type.bundle.unit-test";
		};
/* End PBXNativeTarget section */

/* Begin PBXProject section */
		08ABAC941A1E580900D70E9C /* Project object */ = {
			isa = PBXProject;
			attributes = {
				LastUpgradeCheck = 0610;
				ORGANIZATIONNAME = "Sugat Nagavkar";
				TargetAttributes = {
					08ABAC9B1A1E580900D70E9C = {
						CreatedOnToolsVersion = 6.1;
					};
					08ABACB41A1E580900D70E9C = {
						CreatedOnToolsVersion = 6.1;
						TestTargetID = 08ABAC9B1A1E580900D70E9C;
					};
				};
			};
			buildConfigurationList = 08ABAC971A1E580900D70E9C /* Build configuration list for PBXProject "IphoneAppTutorial" */;
			compatibilityVersion = "Xcode 3.2";
			developmentRegion = English;
			hasScannedForEncodings = 0;
			knownRegions = (
				en,
				Base,
			);
			mainGroup = 08ABAC931A1E580900D70E9C;
			productRefGroup = 08ABAC9D1A1E580900D70E9C /* Products */;
			projectDirPath = "";
			projectRoot = "";
			targets = (
				08ABAC9B1A1E580900D70E9C /* IphoneAppTutorial */,
				08ABACB41A1E580900D70E9C /* IphoneAppTutorialTests */,
			);
		};
/* End PBXProject section */

/* Begin PBXResourcesBuildPhase section */
		08ABAC9A1A1E580900D70E9C /* Resources */ = {
			isa = PBXResourcesBuildPhase;
			buildActionMask = 2147483647;
			files = (
				08ABACAB1A1E580900D70E9C /* Main.storyboard in Resources */,
				08ABACB01A1E580900D70E9C /* LaunchScreen.xib in Resources */,
				08ABACAD1A1E580900D70E9C /* Images.xcassets in Resources */,
			);
			runOnlyForDeploymentPostprocessing = 0;
		};
		08ABACB31A1E580900D70E9C /* Resources */ = {
			isa = PBXResourcesBuildPhase;
			buildActionMask = 2147483647;
			files = (
			);
			runOnlyForDeploymentPostprocessing = 0;
		};
/* End PBXResourcesBuildPhase section */

/* Begin PBXSourcesBuildPhase section */
		08ABAC981A1E580900D70E9C /* Sources */ = {
			isa = PBXSourcesBuildPhase;
			buildActionMask = 2147483647;
			files = (
				08ABACA81A1E580900D70E9C /* ViewController.m in Sources */,
				08ABACA51A1E580900D70E9C /* AppDelegate.m in Sources */,
				08ABACA21A1E580900D70E9C /* main.m in Sources */,
			);
			runOnlyForDeploymentPostprocessing = 0;
		};
		08ABACB11A1E580900D70E9C /* Sources */ = {
			isa = PBXSourcesBuildPhase;
			buildActionMask = 2147483647;
			files = (
				08ABACBC1A1E580900D70E9C /* IphoneAppTutorialTests.m in Sources */,
			);
			runOnlyForDeploymentPostprocessing = 0;
		};
/* End PBXSourcesBuildPhase section */

/* Begin PBXTargetDependency section */
		08ABACB71A1E580900D70E9C /* PBXTargetDependency */ = {
			isa = PBXTargetDependency;
			target = 08ABAC9B1A1E580900D70E9C /* IphoneAppTutorial */;
			targetProxy = 08ABACB61A1E580900D70E9C /* PBXContainerItemProxy */;
		};
/* End PBXTargetDependency section */

/* Begin PBXVariantGroup section */
		08ABACA91A1E580900D70E9C /* Main.storyboard */ = {
			isa = PBXVariantGroup;
			children = (
				08ABACAA1A1E580900D70E9C /* Base */,
			);
			name = Main.storyboard;
			sourceTree = "<group>";
		};
		08ABACAE1A1E580900D70E9C /* LaunchScreen.xib */ = {
			isa = PBXVariantGroup;
			children = (
				08ABACAF1A1E580900D70E9C /* Base */,
			);
			name = LaunchScreen.xib;
			sourceTree = "<group>";
		};
/* End PBXVariantGroup section */

/* Begin XCBuildConfiguration section */
		08ABACBD1A1E580900D70E9C /* Debug */ = {
			isa = XCBuildConfiguration;
			buildSettings = {
				ALWAYS_SEARCH_USER_PATHS = NO;
				CLANG_CXX_LANGUAGE_STANDARD = "gnu++0x";
				CLANG_CXX_LIBRARY = "libc++";
				CLANG_ENABLE_MODULES = YES;
				CLANG_ENABLE_OBJC_ARC = YES;
				CLANG_WARN_BOOL_CONVERSION = YES;
				CLANG_WARN_CONSTANT_CONVERSION = YES;
				CLANG_WARN_DIRECT_OBJC_ISA_USAGE = YES_ERROR;
				CLANG_WARN_EMPTY_BODY = YES;
				CLANG_WARN_ENUM_CONVERSION = YES;
				CLANG_WARN_INT_CONVERSION = YES;
				CLANG_WARN_OBJC_ROOT_CLASS = YES_ERROR;
				CLANG_WARN_UNREACHABLE_CODE = YES;
				CLANG_WARN__DUPLICATE_METHOD_MATCH = YES;
				"CODE_SIGN_IDENTITY[sdk=iphoneos*]" = "iPhone Developer";
				COPY_PHASE_STRIP = NO;
				ENABLE_STRICT_OBJC_MSGSEND = YES;
				GCC_C_LANGUAGE_STANDARD = gnu99;
				GCC_DYNAMIC_NO_PIC = NO;
				GCC_OPTIMIZATION_LEVEL = 0;
				GCC_PREPROCESSOR_DEFINITIONS = (
					"DEBUG=1",
					"$(inherited)",
				);
				GCC_SYMBOLS_PRIVATE_EXTERN = NO;
				GCC_WARN_64_TO_32_BIT_CONVERSION = YES;
				GCC_WARN_ABOUT_RETURN_TYPE = YES_ERROR;
				GCC_WARN_UNDECLARED_SELECTOR = YES;
				GCC_WARN_UNINITIALIZED_AUTOS = YES_AGGRESSIVE;
				GCC_WARN_UNUSED_FUNCTION = YES;
				GCC_WARN_UNUSED_VARIABLE = YES;
				IPHONEOS_DEPLOYMENT_TARGET = 8.1;
				MTL_ENABLE_DEBUG_INFO = YES;
				ONLY_ACTIVE_ARCH = YES;
				SDKROOT = iphoneos;
			};
			name = Debug;
		};
		08ABACBE1A1E580900D70E9C /* Release */ = {
			isa = XCBuildConfiguration;
			buildSettings = {
				ALWAYS_SEARCH_USER_PATHS = NO;
				CLANG_CXX_LANGUAGE_STANDARD = "gnu++0x";
				CLANG_CXX_LIBRARY = "libc++";
				CLANG_ENABLE_MODULES = YES;
				CLANG_ENABLE_OBJC_ARC = YES;
				CLANG_WARN_BOOL_CONVERSION = YES;
				CLANG_WARN_CONSTANT_CONVERSION = YES;
				CLANG_WARN_DIRECT_OBJC_ISA_USAGE = YES_ERROR;
				CLANG_WARN_EMPTY_BODY = YES;
				CLANG_WARN_ENUM_CONVERSION = YES;
				CLANG_WARN_INT_CONVERSION = YES;
				CLANG_WARN_OBJC_ROOT_CLASS = YES_ERROR;
				CLANG_WARN_UNREACHABLE_CODE = YES;
				CLANG_WARN__DUPLICATE_METHOD_MATCH = YES;
				"CODE_SIGN_IDENTITY[sdk=iphoneos*]" = "iPhone Developer";
				COPY_PHASE_STRIP = YES;
				ENABLE_NS_ASSERTIONS = NO;
				ENABLE_STRICT_OBJC_MSGSEND = YES;
				GCC_C_LANGUAGE_STANDARD = gnu99;
				GCC_WARN_64_TO_32_BIT_CONVERSION = YES;
				GCC_WARN_ABOUT_RETURN_TYPE = YES_ERROR;
				GCC_WARN_UNDECLARED_SELECTOR = YES;
				GCC_WARN_UNINITIALIZED_AUTOS = YES_AGGRESSIVE;
				GCC_WARN_UNUSED_FUNCTION = YES;
				GCC_WARN_UNUSED_VARIABLE = YES;
				IPHONEOS_DEPLOYMENT_TARGET = 8.1;
				MTL_ENABLE_DEBUG_INFO = NO;
				SDKROOT = iphoneos;
				VALIDATE_PRODUCT = YES;
			};
			name = Release;
		};
		08ABACC01A1E580900D70E9C /* Debug */ = {
			isa = XCBuildConfiguration;
			buildSettings = {
				ASSETCATALOG_COMPILER_APPICON_NAME = AppIcon;
				INFOPLIST_FILE = IphoneAppTutorial/Info.plist;
				LD_RUNPATH_SEARCH_PATHS = "$(inherited) @executable_path/Frameworks";
				PRODUCT_NAME = "$(TARGET_NAME)";
			};
			name = Debug;
		};
		08ABACC11A1E580900D70E9C /* Release */ = {
			isa = XCBuildConfiguration;
			buildSettings = {
				ASSETCATALOG_COMPILER_APPICON_NAME = AppIcon;
				INFOPLIST_FILE = IphoneAppTutorial/Info.plist;
				LD_RUNPATH_SEARCH_PATHS = "$(inherited) @executable_path/Frameworks";
				PRODUCT_NAME = "$(TARGET_NAME)";
			};
			name = Release;
		};
		08ABACC31A1E580900D70E9C /* Debug */ = {
			isa = XCBuildConfiguration;
			buildSettings = {
				BUNDLE_LOADER = "$(TEST_HOST)";
				FRAMEWORK_SEARCH_PATHS = (
					"$(SDKROOT)/Developer/Library/Frameworks",
					"$(inherited)",
				);
				GCC_PREPROCESSOR_DEFINITIONS = (
					"DEBUG=1",
					"$(inherited)",
				);
				INFOPLIST_FILE = IphoneAppTutorialTests/Info.plist;
				LD_RUNPATH_SEARCH_PATHS = "$(inherited) @executable_path/Frameworks @loader_path/Frameworks";
				PRODUCT_NAME = "$(TARGET_NAME)";
				TEST_HOST = "$(BUILT_PRODUCTS_DIR)/IphoneAppTutorial.app/IphoneAppTutorial";
			};
			name = Debug;
		};
		08ABACC41A1E580900D70E9C /* Release */ = {
			isa = XCBuildConfiguration;
			buildSettings = {
				BUNDLE_LOADER = "$(TEST_HOST)";
				FRAMEWORK_SEARCH_PATHS = (
					"$(SDKROOT)/Developer/Library/Frameworks",
					"$(inherited)",
				);
				INFOPLIST_FILE = IphoneAppTutorialTests/Info.plist;
				LD_RUNPATH_SEARCH_PATHS = "$(inherited) @executable_path/Frameworks @loader_path/Frameworks";
				PRODUCT_NAME = "$(TARGET_NAME)";
				TEST_HOST = "$(BUILT_PRODUCTS_DIR)/IphoneAppTutorial.app/IphoneAppTutorial";
			};
			name = Release;
		};
/* End XCBuildConfiguration section */

/* Begin XCConfigurationList section */
		08ABAC971A1E580900D70E9C /* Build configuration list for PBXProject "IphoneAppTutorial" */ = {
			isa = XCConfigurationList;
			buildConfigurations = (
				08ABACBD1A1E580900D70E9C /* Debug */,
				08ABACBE1A1E580900D70E9C /* Release */,
			);
			defaultConfigurationIsVisible = 0;
			defaultConfigurationName = Release;
		};
		08ABACBF1A1E580900D70E9C /* Build configuration list for PBXNativeTarget "IphoneAppTutorial" */ = {
			isa = XCConfigurationList;
			buildConfigurations = (
				08ABACC01A1E580900D70E9C /* Debug */,
				08ABACC11A1E580900D70E9C /* Release */,
			);
			defaultConfigurationIsVisible = 0;
		};
		08ABACC21A1E580900D70E9C /* Build configuration list for PBXNativeTarget "IphoneAppTutorialTests" */ = {
			isa = XCConfigurationList;
			buildConfigurations = (
				08ABACC31A1E580900D70E9C /* Debug */,
				08ABACC41A1E580900D70E9C /* Release */,
			);
			defaultConfigurationIsVisible = 0;
		};
/* End XCConfigurationList section */
	};
	rootObject = 08ABAC941A1E580900D70E9C /* Project object */;
}
